
Microsoft Visual Studio Solution File, Format Version 12.00
# Visual Studio Version 17
VisualStudioVersion = 17.9.34902.65
MinimumVisualStudioVersion = 10.0.40219.1
Project("{FAE04EC0-301F-11D3-BF4B-00C04F79EFBC}") = "SRS_Game", "SRS_Game\SRS_Game.csproj", "{A2EFDC99-72AF-43A6-B3B0-171B81980125}"
EndProject
Global
	GlobalSection(SolutionConfigurationPlatforms) = preSolution
		Debug|Any CPU = Debug|Any CPU
		Release|Any CPU = Release|Any CPU
	EndGlobalSection
	GlobalSection(ProjectConfigurationPlatforms) = postSolution
		{A2EFDC99-72AF-43A6-B3B0-171B81980125}.Debug|Any CPU.ActiveCfg = Debug|Any CPU
		{A2EFDC99-72AF-43A6-B3B0-171B81980125}.Debug|Any CPU.Build.0 = Debug|Any CPU
		{A2EFDC99-72AF-43A6-B3B0-171B81980125}.Release|Any CPU.ActiveCfg = Release|Any CPU
		{A2EFDC99-72AF-43A6-B3B0-171B81980125}.Release|Any CPU.Build.0 = Release|Any CPU
	EndGlobalSection
	GlobalSection(SolutionProperties) = preSolution
		HideSolutionNode = FALSE
	EndGlobalSection
	GlobalSection(ExtensibilityGlobals) = postSolution
		SolutionGuid = {B63A6CE2-EEAE-40C9-AF7F-C6240802DB71}
	EndGlobalSection
EndGlobal
